
Microsoft Visual Studio Solution File, Format Version 12.00
# Visual Studio Version 17
VisualStudioVersion = 17.2.32505.173
MinimumVisualStudioVersion = 10.0.40219.1
Project("{FAE04EC0-301F-11D3-BF4B-00C04F79EFBC}") = "DisasterTracker", "DisasterTracker\DisasterTracker.csproj", "{C25902A3-906D-449F-9D85-32CFC2735C49}"
EndProject
Project("{FAE04EC0-301F-11D3-BF4B-00C04F79EFBC}") = "DisasterTracker.Data", "DisasterTracker.Data\DisasterTracker.Data.csproj", "{E078D2D4-46A7-476B-94C8-08A6F457208F}"
EndProject
Project("{FAE04EC0-301F-11D3-BF4B-00C04F79EFBC}") = "DisasterTracker.DataServices", "DataServices\DisasterTracker.DataServices.csproj", "{710DCF24-645F-4024-AA59-18EE85326724}"
EndProject
Project("{FAE04EC0-301F-11D3-BF4B-00C04F79EFBC}") = "DisasterTracker.BL", "DisasterTracker.BL\DisasterTracker.BL.csproj", "{C790AEDC-CCBA-477D-B859-426C1B47E11D}"
EndProject
Project("{FAE04EC0-301F-11D3-BF4B-00C04F79EFBC}") = "DisasterTracker.PdcApiModels", "DisasterTracker.PdcApiModels\DisasterTracker.PdcApiModels.csproj", "{A1AED2C8-BA5B-4351-865B-1349ACD167F9}"
EndProject
Global
	GlobalSection(SolutionConfigurationPlatforms) = preSolution
		Debug|Any CPU = Debug|Any CPU
		Release|Any CPU = Release|Any CPU
	EndGlobalSection
	GlobalSection(ProjectConfigurationPlatforms) = postSolution
		{C25902A3-906D-449F-9D85-32CFC2735C49}.Debug|Any CPU.ActiveCfg = Debug|Any CPU
		{C25902A3-906D-449F-9D85-32CFC2735C49}.Debug|Any CPU.Build.0 = Debug|Any CPU
		{C25902A3-906D-449F-9D85-32CFC2735C49}.Release|Any CPU.ActiveCfg = Release|Any CPU
		{C25902A3-906D-449F-9D85-32CFC2735C49}.Release|Any CPU.Build.0 = Release|Any CPU
		{E078D2D4-46A7-476B-94C8-08A6F457208F}.Debug|Any CPU.ActiveCfg = Debug|Any CPU
		{E078D2D4-46A7-476B-94C8-08A6F457208F}.Debug|Any CPU.Build.0 = Debug|Any CPU
		{E078D2D4-46A7-476B-94C8-08A6F457208F}.Release|Any CPU.ActiveCfg = Release|Any CPU
		{E078D2D4-46A7-476B-94C8-08A6F457208F}.Release|Any CPU.Build.0 = Release|Any CPU
		{710DCF24-645F-4024-AA59-18EE85326724}.Debug|Any CPU.ActiveCfg = Debug|Any CPU
		{710DCF24-645F-4024-AA59-18EE85326724}.Debug|Any CPU.Build.0 = Debug|Any CPU
		{710DCF24-645F-4024-AA59-18EE85326724}.Release|Any CPU.ActiveCfg = Release|Any CPU
		{710DCF24-645F-4024-AA59-18EE85326724}.Release|Any CPU.Build.0 = Release|Any CPU
		{C790AEDC-CCBA-477D-B859-426C1B47E11D}.Debug|Any CPU.ActiveCfg = Debug|Any CPU
		{C790AEDC-CCBA-477D-B859-426C1B47E11D}.Debug|Any CPU.Build.0 = Debug|Any CPU
		{C790AEDC-CCBA-477D-B859-426C1B47E11D}.Release|Any CPU.ActiveCfg = Release|Any CPU
		{C790AEDC-CCBA-477D-B859-426C1B47E11D}.Release|Any CPU.Build.0 = Release|Any CPU
		{A1AED2C8-BA5B-4351-865B-1349ACD167F9}.Debug|Any CPU.ActiveCfg = Debug|Any CPU
		{A1AED2C8-BA5B-4351-865B-1349ACD167F9}.Debug|Any CPU.Build.0 = Debug|Any CPU
		{A1AED2C8-BA5B-4351-865B-1349ACD167F9}.Release|Any CPU.ActiveCfg = Release|Any CPU
		{A1AED2C8-BA5B-4351-865B-1349ACD167F9}.Release|Any CPU.Build.0 = Release|Any CPU
	EndGlobalSection
	GlobalSection(SolutionProperties) = preSolution
		HideSolutionNode = FALSE
	EndGlobalSection
	GlobalSection(ExtensibilityGlobals) = postSolution
		SolutionGuid = {A5F9A42D-F333-4ED4-9A95-6840B211783B}
	EndGlobalSection
EndGlobal
